
Microsoft Visual Studio Solution File, Format Version 12.00
# Visual Studio Version 16
VisualStudioVersion = 16.0.29609.76
MinimumVisualStudioVersion = 10.0.40219.1
Project("{FAE04EC0-301F-11D3-BF4B-00C04F79EFBC}") = "BlogSite", "BlogSite\BlogSite.csproj", "{28728803-3311-42F0-A39E-058E4254B76C}"
EndProject
Global
	GlobalSection(SolutionConfigurationPlatforms) = preSolution
		Debug|Any CPU = Debug|Any CPU
		Release|Any CPU = Release|Any CPU
	EndGlobalSection
	GlobalSection(ProjectConfigurationPlatforms) = postSolution
		{28728803-3311-42F0-A39E-058E4254B76C}.Debug|Any CPU.ActiveCfg = Debug|Any CPU
		{28728803-3311-42F0-A39E-058E4254B76C}.Debug|Any CPU.Build.0 = Debug|Any CPU
		{28728803-3311-42F0-A39E-058E4254B76C}.Release|Any CPU.ActiveCfg = Release|Any CPU
		{28728803-3311-42F0-A39E-058E4254B76C}.Release|Any CPU.Build.0 = Release|Any CPU
	EndGlobalSection
	GlobalSection(SolutionProperties) = preSolution
		HideSolutionNode = FALSE
	EndGlobalSection
	GlobalSection(ExtensibilityGlobals) = postSolution
		SolutionGuid = {4FEAC468-E6D5-4AD7-8B3C-FAAD8BEF46CD}
	EndGlobalSection
EndGlobal
